
Microsoft Visual Studio Solution File, Format Version 12.00
# Visual Studio Version 17
VisualStudioVersion = 17.6.33723.286
MinimumVisualStudioVersion = 10.0.40219.1
Project("{FAE04EC0-301F-11D3-BF4B-00C04F79EFBC}") = "LgpDdns", "LgpDdns\LgpDdns.csproj", "{B0C2E648-BE90-4814-AD93-F82DB31F2EB6}"
EndProject
Global
	GlobalSection(SolutionConfigurationPlatforms) = preSolution
		Debug|Any CPU = Debug|Any CPU
		Release|Any CPU = Release|Any CPU
	EndGlobalSection
	GlobalSection(ProjectConfigurationPlatforms) = postSolution
		{B0C2E648-BE90-4814-AD93-F82DB31F2EB6}.Debug|Any CPU.ActiveCfg = Debug|Any CPU
		{B0C2E648-BE90-4814-AD93-F82DB31F2EB6}.Debug|Any CPU.Build.0 = Debug|Any CPU
		{B0C2E648-BE90-4814-AD93-F82DB31F2EB6}.Release|Any CPU.ActiveCfg = Release|Any CPU
		{B0C2E648-BE90-4814-AD93-F82DB31F2EB6}.Release|Any CPU.Build.0 = Release|Any CPU
	EndGlobalSection
	GlobalSection(SolutionProperties) = preSolution
		HideSolutionNode = FALSE
	EndGlobalSection
	GlobalSection(ExtensibilityGlobals) = postSolution
		SolutionGuid = {D1C6D4DC-5E01-4062-9799-2FEACF9D1310}
	EndGlobalSection
EndGlobal
